
Microsoft Visual Studio Solution File, Format Version 12.00
# Visual Studio Version 17
VisualStudioVersion = 17.3.32901.215
MinimumVisualStudioVersion = 10.0.40219.1
Project("{FAE04EC0-301F-11D3-BF4B-00C04F79EFBC}") = "syncfusion_ocr_docker_demo", "syncfusion_ocr_docker_demo.csproj", "{FD90D852-C127-DB7E-9A1A-02B0D59CAA96}"
EndProject
Global
	GlobalSection(SolutionConfigurationPlatforms) = preSolution
		Debug|Any CPU = Debug|Any CPU
		Release|Any CPU = Release|Any CPU
	EndGlobalSection
	GlobalSection(ProjectConfigurationPlatforms) = postSolution
		{FD90D852-C127-DB7E-9A1A-02B0D59CAA96}.Debug|Any CPU.ActiveCfg = Debug|Any CPU
		{FD90D852-C127-DB7E-9A1A-02B0D59CAA96}.Debug|Any CPU.Build.0 = Debug|Any CPU
		{FD90D852-C127-DB7E-9A1A-02B0D59CAA96}.Release|Any CPU.ActiveCfg = Release|Any CPU
		{FD90D852-C127-DB7E-9A1A-02B0D59CAA96}.Release|Any CPU.Build.0 = Release|Any CPU
	EndGlobalSection
	GlobalSection(SolutionProperties) = preSolution
		HideSolutionNode = FALSE
	EndGlobalSection
	GlobalSection(ExtensibilityGlobals) = postSolution
		SolutionGuid = {6097AD89-107D-4E72-B370-0FD13B82276C}
	EndGlobalSection
EndGlobal
